
Microsoft Visual Studio Solution File, Format Version 12.00
# Visual Studio 15
VisualStudioVersion = 15.0.28307.779
MinimumVisualStudioVersion = 10.0.40219.1
Project("{FAE04EC0-301F-11D3-BF4B-00C04F79EFBC}") = "Address To Source Parser", "Address To Source Parser\Address To Source Parser.csproj", "{19D462BC-BB2E-480A-A996-D21DFDB1AC06}"
EndProject
Global
	GlobalSection(SolutionConfigurationPlatforms) = preSolution
		Debug|Any CPU = Debug|Any CPU
		Release|Any CPU = Release|Any CPU
	EndGlobalSection
	GlobalSection(ProjectConfigurationPlatforms) = postSolution
		{19D462BC-BB2E-480A-A996-D21DFDB1AC06}.Debug|Any CPU.ActiveCfg = Debug|Any CPU
		{19D462BC-BB2E-480A-A996-D21DFDB1AC06}.Debug|Any CPU.Build.0 = Debug|Any CPU
		{19D462BC-BB2E-480A-A996-D21DFDB1AC06}.Release|Any CPU.ActiveCfg = Release|Any CPU
		{19D462BC-BB2E-480A-A996-D21DFDB1AC06}.Release|Any CPU.Build.0 = Release|Any CPU
	EndGlobalSection
	GlobalSection(SolutionProperties) = preSolution
		HideSolutionNode = FALSE
	EndGlobalSection
	GlobalSection(ExtensibilityGlobals) = postSolution
		SolutionGuid = {FF38E430-4CC4-41BB-B947-0B873E3BC61B}
	EndGlobalSection
EndGlobal
